<?xml version="1.0" encoding="utf-8"?>
<Project ToolsVersion="4.0" xmlns="http://schemas.microsoft.com/developer/msbuild/2003">
  <ItemGroup>
    <Filter Include="소스 파일">
      <UniqueIdentifier>{4FC737F1-C7A5-4376-A066-2A32D752A2FF}</UniqueIdentifier>
      <Extensions>cpp;c;cc;cxx;c++;cppm;ixx;def;odl;idl;hpj;bat;asm;asmx</Extensions>
    </Filter>
    <Filter Include="헤더 파일">
      <UniqueIdentifier>{93995380-89BD-4b04-88EB-625FBE52EBFB}</UniqueIdentifier>
      <Extensions>h;hh;hpp;hxx;h++;hm;inl;inc;ipp;xsd</Extensions>
    </Filter>
    <Filter Include="리소스 파일">
      <UniqueIdentifier>{67DA6AB6-F800-4c08-8B7A-83BB121AAD01}</UniqueIdentifier>
      <Extensions>rc;ico;cur;bmp;dlg;rc2;rct;bin;rgs;gif;jpg;jpeg;jpe;resx;tiff;tif;png;wav;mfcribbon-ms</Extensions>
    </Filter>
    <Filter Include="소스 파일\Print">
      <UniqueIdentifier>{2b3a7dc4-cf01-4493-b540-b59a2a26b429}</UniqueIdentifier>
    </Filter>
    <Filter Include="소스 파일\Main">
      <UniqueIdentifier>{752e6e71-d4f0-48ad-a3a0-f98011cf13c1}</UniqueIdentifier>
    </Filter>
    <Filter Include="소스 파일\유진Test">
      <UniqueIdentifier>{b1e84e3a-2da8-42fa-a9f0-87575e143a97}</UniqueIdentifier>
    </Filter>
    <Filter Include="소스 파일\Window">
      <UniqueIdentifier>{1351c72e-aaeb-4655-91c9-7da8d9b06aa9}</UniqueIdentifier>
    </Filter>
    <Filter Include="소스 파일\MySQL">
      <UniqueIdentifier>{be87edba-dd75-4d49-8547-feee9edad20b}</UniqueIdentifier>
    </Filter>
    <Filter Include="소스 파일\Scene">
      <UniqueIdentifier>{826aeac6-9cda-4a08-a5a3-11619c9e4ed7}</UniqueIdentifier>
    </Filter>
  </ItemGroup>
  <ItemGroup>
    <ClCompile Include="SDL2TestMain.cpp">
      <Filter>소스 파일\유진Test</Filter>
    </ClCompile>
    <ClCompile Include="Print.cpp">
      <Filter>소스 파일\Print</Filter>
    </ClCompile>
    <ClCompile Include="WindowManager.cpp">
      <Filter>소스 파일\Window</Filter>
    </ClCompile>
    <ClCompile Include="main.cpp">
      <Filter>소스 파일\Main</Filter>
    </ClCompile>
    <ClCompile Include="Characters.cpp">
      <Filter>소스 파일</Filter>
    </ClCompile>
    <ClCompile Include="Scene.cpp">
      <Filter>소스 파일\Scene</Filter>
    </ClCompile>
    <ClCompile Include="SceneManager.cpp">
      <Filter>소스 파일\Scene</Filter>
    </ClCompile>
    <ClCompile Include="MainMenu.cpp">
      <Filter>소스 파일</Filter>
    </ClCompile>
    <ClCompile Include="Login.cpp">
      <Filter>소스 파일</Filter>
    </ClCompile>
    <ClCompile Include="폰트.cpp">
      <Filter>소스 파일\유진Test</Filter>
    </ClCompile>
    <ClCompile Include="Print.h">
      <Filter>소스 파일\Print</Filter>
    </ClCompile>
    <ClCompile Include="MySQL.h">
      <Filter>소스 파일\MySQL</Filter>
    </ClCompile>
    <ClCompile Include="MySQL.cpp">
      <Filter>소스 파일\MySQL</Filter>
    </ClCompile>
  </ItemGroup>
  <ItemGroup>
    <Text Include="사용법설명.txt">
      <Filter>소스 파일\Print</Filter>
    </Text>
    <Text Include="Scene 사용법.txt">
      <Filter>소스 파일\Scene</Filter>
    </Text>
  </ItemGroup>
  <ItemGroup>
    <ClInclude Include="Characters.h">
      <Filter>헤더 파일</Filter>
    </ClInclude>
    <ClInclude Include="Scene.h">
      <Filter>소스 파일\Scene</Filter>
    </ClInclude>
    <ClInclude Include="SceneManager.h">
      <Filter>헤더 파일</Filter>
    </ClInclude>
    <ClInclude Include="resource1.h">
      <Filter>헤더 파일</Filter>
    </ClInclude>
    <ClInclude Include="MainMenu.h">
      <Filter>헤더 파일</Filter>
    </ClInclude>
    <ClInclude Include="WindowManager.h">
      <Filter>소스 파일\Window</Filter>
    </ClInclude>
  </ItemGroup>
  <ItemGroup>
    <ResourceCompile Include="Tetrhythm_sourcecode1.rc">
      <Filter>리소스 파일</Filter>
    </ResourceCompile>
    <ResourceCompile Include="Tetrhythm_sourcecode.rc">
      <Filter>리소스 파일</Filter>
    </ResourceCompile>
  </ItemGroup>
  <ItemGroup>
    <Image Include="CharacterSize.png">
      <Filter>리소스 파일</Filter>
    </Image>
    <Image Include="frame1.png">
      <Filter>리소스 파일</Filter>
    </Image>
    <Image Include="frame2.png">
      <Filter>리소스 파일</Filter>
    </Image>
    <Image Include="explanation.png">
      <Filter>리소스 파일</Filter>
    </Image>
    <Image Include="pngImage.png">
      <Filter>리소스 파일</Filter>
    </Image>
    <Image Include="selection.png">
      <Filter>리소스 파일</Filter>
    </Image>
    <Image Include="Rectangle 31.png">
      <Filter>리소스 파일</Filter>
    </Image>
    <Image Include="testPic.png">
      <Filter>리소스 파일</Filter>
    </Image>
    <Image Include="PerTitle.png">
      <Filter>리소스 파일</Filter>
    </Image>
    <Image Include="MainExplain.png">
      <Filter>리소스 파일</Filter>
    </Image>
    <Image Include="MultiPlay.png">
      <Filter>리소스 파일</Filter>
    </Image>
    <Image Include="MyCharacter.png">
      <Filter>리소스 파일</Filter>
    </Image>
    <Image Include="Selection2.png">
      <Filter>리소스 파일</Filter>
    </Image>
    <Image Include="SinglePlay.png">
      <Filter>리소스 파일</Filter>
    </Image>
  </ItemGroup>
  <ItemGroup>
    <None Include=".editorconfig">
      <Filter>소스 파일</Filter>
    </None>
    <None Include="Tetrhythm_sourcecode1.aps" />
  </ItemGroup>
</Project>