<?xml version="1.0" encoding="utf-8"?>
<Project ToolsVersion="4.0" xmlns="http://schemas.microsoft.com/developer/msbuild/2003">
  <ItemGroup>
    <Filter Include="소스 파일">
      <UniqueIdentifier>{4FC737F1-C7A5-4376-A066-2A32D752A2FF}</UniqueIdentifier>
      <Extensions>cpp;c;cc;cxx;c++;cppm;ixx;def;odl;idl;hpj;bat;asm;asmx</Extensions>
    </Filter>
    <Filter Include="헤더 파일">
      <UniqueIdentifier>{93995380-89BD-4b04-88EB-625FBE52EBFB}</UniqueIdentifier>
      <Extensions>h;hh;hpp;hxx;h++;hm;inl;inc;ipp;xsd</Extensions>
    </Filter>
    <Filter Include="리소스 파일">
      <UniqueIdentifier>{67DA6AB6-F800-4c08-8B7A-83BB121AAD01}</UniqueIdentifier>
      <Extensions>rc;ico;cur;bmp;dlg;rc2;rct;bin;rgs;gif;jpg;jpeg;jpe;resx;tiff;tif;png;wav;mfcribbon-ms</Extensions>
    </Filter>
    <Filter Include="소스 파일\유진Test">
      <UniqueIdentifier>{b1e84e3a-2da8-42fa-a9f0-87575e143a97}</UniqueIdentifier>
    </Filter>
    <Filter Include="리소스 파일\CharacterSelection">
      <UniqueIdentifier>{20809e97-f3a3-4948-88b7-cb3afd90d6d6}</UniqueIdentifier>
    </Filter>
  </ItemGroup>
  <ItemGroup>
    <ClCompile Include="main.cpp">
      <Filter>소스 파일</Filter>
    </ClCompile>
    <ClCompile Include="Print.cpp">
      <Filter>소스 파일</Filter>
    </ClCompile>
    <ClCompile Include="Characters.cpp">
      <Filter>소스 파일</Filter>
    </ClCompile>
    <ClCompile Include="Print.h">
      <Filter>헤더 파일</Filter>
    </ClCompile>
  </ItemGroup>
  <ItemGroup>
    <ClInclude Include="Characters.h">
      <Filter>헤더 파일</Filter>
    </ClInclude>
    <ClInclude Include="resource.h">
      <Filter>헤더 파일</Filter>
    </ClInclude>
  </ItemGroup>
  <ItemGroup>
    <Image Include="frame1.png">
      <Filter>리소스 파일</Filter>
    </Image>
    <Image Include="frame2.png">
      <Filter>리소스 파일</Filter>
    </Image>
    <Image Include="pngImage.png">
      <Filter>리소스 파일</Filter>
    </Image>
    <Image Include="testPic.png">
      <Filter>리소스 파일</Filter>
    </Image>
    <Image Include="explanation.png">
      <Filter>리소스 파일\CharacterSelection</Filter>
    </Image>
    <Image Include="CharacterSize.png">
      <Filter>리소스 파일\CharacterSelection</Filter>
    </Image>
    <Image Include="Rectangle 31.png">
      <Filter>리소스 파일\CharacterSelection</Filter>
    </Image>
    <Image Include="selection.png">
      <Filter>리소스 파일\CharacterSelection</Filter>
    </Image>
  </ItemGroup>
  <ItemGroup>
    <ResourceCompile Include="Tetrhythm_sourcecode1.rc">
      <Filter>리소스 파일</Filter>
    </ResourceCompile>
  </ItemGroup>
</Project>